// !$*UTF8*$!
{
	archiveVersion = 1;
	classes = {
	};
	objectVersion = 56;
	objects = {

/* Begin PBXBuildFile section */
		DC4A74892C4E2278001C9208 /* AppDelegate.swift in Sources */ = {isa = PBXBuildFile; fileRef = DC4A74882C4E2278001C9208 /* AppDelegate.swift */; };
		DC4A748B2C4E2278001C9208 /* SceneDelegate.swift in Sources */ = {isa = PBXBuildFile; fileRef = DC4A748A2C4E2278001C9208 /* SceneDelegate.swift */; };
		DC4A74922C4E227A001C9208 /* Assets.xcassets in Resources */ = {isa = PBXBuildFile; fileRef = DC4A74912C4E227A001C9208 /* Assets.xcassets */; };
		DC4A74952C4E227A001C9208 /* LaunchScreen.storyboard in Resources */ = {isa = PBXBuildFile; fileRef = DC4A74932C4E227A001C9208 /* LaunchScreen.storyboard */; };
		DC4A749E2C4E2426001C9208 /* RealmSwift in Frameworks */ = {isa = PBXBuildFile; productRef = DC4A749D2C4E2426001C9208 /* RealmSwift */; };
		DC4A74A12C4E2432001C9208 /* Kingfisher in Frameworks */ = {isa = PBXBuildFile; productRef = DC4A74A02C4E2432001C9208 /* Kingfisher */; };
		DC4A74A42C4E2442001C9208 /* Alamofire in Frameworks */ = {isa = PBXBuildFile; productRef = DC4A74A32C4E2442001C9208 /* Alamofire */; };
		DC4A74A72C4E245B001C9208 /* Reachability in Frameworks */ = {isa = PBXBuildFile; productRef = DC4A74A62C4E245B001C9208 /* Reachability */; };
		DC4A74AA2C4E2468001C9208 /* Toast in Frameworks */ = {isa = PBXBuildFile; productRef = DC4A74A92C4E2468001C9208 /* Toast */; };
		DC4A74AD2C4E247E001C9208 /* SnapKit in Frameworks */ = {isa = PBXBuildFile; productRef = DC4A74AC2C4E247E001C9208 /* SnapKit */; };
		DC4A74B02C4E248B001C9208 /* IQKeyboardManagerSwift in Frameworks */ = {isa = PBXBuildFile; productRef = DC4A74AF2C4E248B001C9208 /* IQKeyboardManagerSwift */; };
		DC4A74B12C4E24EF001C9208 /* RealmSwift in Embed Frameworks */ = {isa = PBXBuildFile; productRef = DC4A749D2C4E2426001C9208 /* RealmSwift */; settings = {ATTRIBUTES = (CodeSignOnCopy, ); }; };
		DC4A74B42C4E257C001C9208 /* .gitignore in Resources */ = {isa = PBXBuildFile; fileRef = DC4A74B32C4E257C001C9208 /* .gitignore */; };
		DC4A74B72C4E259E001C9208 /* APIKey.swift in Sources */ = {isa = PBXBuildFile; fileRef = DC4A74B62C4E259E001C9208 /* APIKey.swift */; };
		DC4A74BA2C4E2657001C9208 /* OnBoardingViewController.swift in Sources */ = {isa = PBXBuildFile; fileRef = DC4A74B92C4E2657001C9208 /* OnBoardingViewController.swift */; };
		DC4A74BF2C4E268B001C9208 /* BaseViewController.swift in Sources */ = {isa = PBXBuildFile; fileRef = DC4A74BE2C4E268B001C9208 /* BaseViewController.swift */; };
		DC4A74C12C4E2706001C9208 /* BaseTableViewCell.swift in Sources */ = {isa = PBXBuildFile; fileRef = DC4A74C02C4E2706001C9208 /* BaseTableViewCell.swift */; };
		DC4A74C32C4E27CB001C9208 /* BaseCollectionViewCell.swift in Sources */ = {isa = PBXBuildFile; fileRef = DC4A74C22C4E27CB001C9208 /* BaseCollectionViewCell.swift */; };
		DC4A74C52C4E283D001C9208 /* BaseView.swift in Sources */ = {isa = PBXBuildFile; fileRef = DC4A74C42C4E283D001C9208 /* BaseView.swift */; };
		DC4A74C72C4E28E0001C9208 /* ReusableProtocol.swift in Sources */ = {isa = PBXBuildFile; fileRef = DC4A74C62C4E28E0001C9208 /* ReusableProtocol.swift */; };
		DC4A74C92C4E29B9001C9208 /* OnBoardingView.swift in Sources */ = {isa = PBXBuildFile; fileRef = DC4A74C82C4E29B9001C9208 /* OnBoardingView.swift */; };
		DC4A74CB2C4E2C72001C9208 /* CustomDesign.swift in Sources */ = {isa = PBXBuildFile; fileRef = DC4A74CA2C4E2C72001C9208 /* CustomDesign.swift */; };
		DC4A74CE2C4E2CDF001C9208 /* UIViewController+Extension.swift in Sources */ = {isa = PBXBuildFile; fileRef = DC4A74CD2C4E2CDF001C9208 /* UIViewController+Extension.swift */; };
		DC4A74D02C4E2CF5001C9208 /* UIColor+Extension.swift in Sources */ = {isa = PBXBuildFile; fileRef = DC4A74CF2C4E2CF5001C9208 /* UIColor+Extension.swift */; };
		DC4A74D32C4E3700001C9208 /* ProfileSettingViewController.swift in Sources */ = {isa = PBXBuildFile; fileRef = DC4A74D22C4E3700001C9208 /* ProfileSettingViewController.swift */; };
		DC4A74D52C4E3E3A001C9208 /* ProfileSettingViewModel.swift in Sources */ = {isa = PBXBuildFile; fileRef = DC4A74D42C4E3E3A001C9208 /* ProfileSettingViewModel.swift */; };
		DC4A74D92C4E5949001C9208 /* ProfileSettingCollectionViewCell.swift in Sources */ = {isa = PBXBuildFile; fileRef = DC4A74D82C4E5949001C9208 /* ProfileSettingCollectionViewCell.swift */; };
		DC4A74DB2C4E63A8001C9208 /* Observable.swift in Sources */ = {isa = PBXBuildFile; fileRef = DC4A74DA2C4E63A8001C9208 /* Observable.swift */; };
/* End PBXBuildFile section */

/* Begin PBXCopyFilesBuildPhase section */
		DC4A74B22C4E24EF001C9208 /* Embed Frameworks */ = {
			isa = PBXCopyFilesBuildPhase;
			buildActionMask = 2147483647;
			dstPath = "";
			dstSubfolderSpec = 10;
			files = (
				DC4A74B12C4E24EF001C9208 /* RealmSwift in Embed Frameworks */,
			);
			name = "Embed Frameworks";
			runOnlyForDeploymentPostprocessing = 0;
		};
/* End PBXCopyFilesBuildPhase section */

/* Begin PBXFileReference section */
		DC4A74852C4E2278001C9208 /* Avez Vous.app */ = {isa = PBXFileReference; explicitFileType = wrapper.application; includeInIndex = 0; path = "Avez Vous.app"; sourceTree = BUILT_PRODUCTS_DIR; };
		DC4A74882C4E2278001C9208 /* AppDelegate.swift */ = {isa = PBXFileReference; lastKnownFileType = sourcecode.swift; path = AppDelegate.swift; sourceTree = "<group>"; };
		DC4A748A2C4E2278001C9208 /* SceneDelegate.swift */ = {isa = PBXFileReference; lastKnownFileType = sourcecode.swift; path = SceneDelegate.swift; sourceTree = "<group>"; };
		DC4A74912C4E227A001C9208 /* Assets.xcassets */ = {isa = PBXFileReference; lastKnownFileType = folder.assetcatalog; path = Assets.xcassets; sourceTree = "<group>"; };
		DC4A74942C4E227A001C9208 /* Base */ = {isa = PBXFileReference; lastKnownFileType = file.storyboard; name = Base; path = Base.lproj/LaunchScreen.storyboard; sourceTree = "<group>"; };
		DC4A74962C4E227A001C9208 /* Info.plist */ = {isa = PBXFileReference; lastKnownFileType = text.plist.xml; path = Info.plist; sourceTree = "<group>"; };
		DC4A74B32C4E257C001C9208 /* .gitignore */ = {isa = PBXFileReference; lastKnownFileType = text; path = .gitignore; sourceTree = "<group>"; };
		DC4A74B62C4E259E001C9208 /* APIKey.swift */ = {isa = PBXFileReference; lastKnownFileType = sourcecode.swift; path = APIKey.swift; sourceTree = "<group>"; };
		DC4A74B92C4E2657001C9208 /* OnBoardingViewController.swift */ = {isa = PBXFileReference; lastKnownFileType = sourcecode.swift; path = OnBoardingViewController.swift; sourceTree = "<group>"; };
		DC4A74BE2C4E268B001C9208 /* BaseViewController.swift */ = {isa = PBXFileReference; lastKnownFileType = sourcecode.swift; path = BaseViewController.swift; sourceTree = "<group>"; };
		DC4A74C02C4E2706001C9208 /* BaseTableViewCell.swift */ = {isa = PBXFileReference; lastKnownFileType = sourcecode.swift; path = BaseTableViewCell.swift; sourceTree = "<group>"; };
		DC4A74C22C4E27CB001C9208 /* BaseCollectionViewCell.swift */ = {isa = PBXFileReference; lastKnownFileType = sourcecode.swift; path = BaseCollectionViewCell.swift; sourceTree = "<group>"; };
		DC4A74C42C4E283D001C9208 /* BaseView.swift */ = {isa = PBXFileReference; lastKnownFileType = sourcecode.swift; path = BaseView.swift; sourceTree = "<group>"; };
		DC4A74C62C4E28E0001C9208 /* ReusableProtocol.swift */ = {isa = PBXFileReference; lastKnownFileType = sourcecode.swift; path = ReusableProtocol.swift; sourceTree = "<group>"; };
		DC4A74C82C4E29B9001C9208 /* OnBoardingView.swift */ = {isa = PBXFileReference; lastKnownFileType = sourcecode.swift; path = OnBoardingView.swift; sourceTree = "<group>"; };
		DC4A74CA2C4E2C72001C9208 /* CustomDesign.swift */ = {isa = PBXFileReference; lastKnownFileType = sourcecode.swift; path = CustomDesign.swift; sourceTree = "<group>"; };
		DC4A74CD2C4E2CDF001C9208 /* UIViewController+Extension.swift */ = {isa = PBXFileReference; lastKnownFileType = sourcecode.swift; path = "UIViewController+Extension.swift"; sourceTree = "<group>"; };
		DC4A74CF2C4E2CF5001C9208 /* UIColor+Extension.swift */ = {isa = PBXFileReference; lastKnownFileType = sourcecode.swift; path = "UIColor+Extension.swift"; sourceTree = "<group>"; };
		DC4A74D22C4E3700001C9208 /* ProfileSettingViewController.swift */ = {isa = PBXFileReference; lastKnownFileType = sourcecode.swift; path = ProfileSettingViewController.swift; sourceTree = "<group>"; };
		DC4A74D42C4E3E3A001C9208 /* ProfileSettingViewModel.swift */ = {isa = PBXFileReference; lastKnownFileType = sourcecode.swift; path = ProfileSettingViewModel.swift; sourceTree = "<group>"; };
		DC4A74D82C4E5949001C9208 /* ProfileSettingCollectionViewCell.swift */ = {isa = PBXFileReference; lastKnownFileType = sourcecode.swift; path = ProfileSettingCollectionViewCell.swift; sourceTree = "<group>"; };
		DC4A74DA2C4E63A8001C9208 /* Observable.swift */ = {isa = PBXFileReference; lastKnownFileType = sourcecode.swift; path = Observable.swift; sourceTree = "<group>"; };
/* End PBXFileReference section */

/* Begin PBXFrameworksBuildPhase section */
		DC4A74822C4E2278001C9208 /* Frameworks */ = {
			isa = PBXFrameworksBuildPhase;
			buildActionMask = 2147483647;
			files = (
				DC4A74B02C4E248B001C9208 /* IQKeyboardManagerSwift in Frameworks */,
				DC4A74A42C4E2442001C9208 /* Alamofire in Frameworks */,
				DC4A74A72C4E245B001C9208 /* Reachability in Frameworks */,
				DC4A74A12C4E2432001C9208 /* Kingfisher in Frameworks */,
				DC4A74AD2C4E247E001C9208 /* SnapKit in Frameworks */,
				DC4A74AA2C4E2468001C9208 /* Toast in Frameworks */,
				DC4A749E2C4E2426001C9208 /* RealmSwift in Frameworks */,
			);
			runOnlyForDeploymentPostprocessing = 0;
		};
/* End PBXFrameworksBuildPhase section */

/* Begin PBXGroup section */
		DC4A747C2C4E2278001C9208 = {
			isa = PBXGroup;
			children = (
				DC4A74B32C4E257C001C9208 /* .gitignore */,
				DC4A74872C4E2278001C9208 /* Avez Vous */,
				DC4A74862C4E2278001C9208 /* Products */,
			);
			sourceTree = "<group>";
		};
		DC4A74862C4E2278001C9208 /* Products */ = {
			isa = PBXGroup;
			children = (
				DC4A74852C4E2278001C9208 /* Avez Vous.app */,
			);
			name = Products;
			sourceTree = "<group>";
		};
		DC4A74872C4E2278001C9208 /* Avez Vous */ = {
			isa = PBXGroup;
			children = (
				DC4A74882C4E2278001C9208 /* AppDelegate.swift */,
				DC4A748A2C4E2278001C9208 /* SceneDelegate.swift */,
				DC4A74912C4E227A001C9208 /* Assets.xcassets */,
				DC4A74932C4E227A001C9208 /* LaunchScreen.storyboard */,
				DC4A74962C4E227A001C9208 /* Info.plist */,
				DC4A74B52C4E2589001C9208 /* Stuff */,
				DC4A74CC2C4E2CBD001C9208 /* Extension */,
				DC4A74BB2C4E2662001C9208 /* Base */,
				DC4A74BC2C4E266D001C9208 /* Network */,
				DC4A74BD2C4E2677001C9208 /* Database */,
				DC4A74B82C4E2625001C9208 /* OnBoarding */,
				DC4A74D12C4E36E0001C9208 /* ProfileSetting */,
			);
			path = "Avez Vous";
			sourceTree = "<group>";
		};
		DC4A74B52C4E2589001C9208 /* Stuff */ = {
			isa = PBXGroup;
			children = (
				DC4A74B62C4E259E001C9208 /* APIKey.swift */,
				DC4A74C62C4E28E0001C9208 /* ReusableProtocol.swift */,
				DC4A74CA2C4E2C72001C9208 /* CustomDesign.swift */,
				DC4A74DA2C4E63A8001C9208 /* Observable.swift */,
			);
			path = Stuff;
			sourceTree = "<group>";
		};
		DC4A74B82C4E2625001C9208 /* OnBoarding */ = {
			isa = PBXGroup;
			children = (
				DC4A74B92C4E2657001C9208 /* OnBoardingViewController.swift */,
				DC4A74C82C4E29B9001C9208 /* OnBoardingView.swift */,
			);
			path = OnBoarding;
			sourceTree = "<group>";
		};
		DC4A74BB2C4E2662001C9208 /* Base */ = {
			isa = PBXGroup;
			children = (
				DC4A74BE2C4E268B001C9208 /* BaseViewController.swift */,
				DC4A74C02C4E2706001C9208 /* BaseTableViewCell.swift */,
				DC4A74C22C4E27CB001C9208 /* BaseCollectionViewCell.swift */,
				DC4A74C42C4E283D001C9208 /* BaseView.swift */,
			);
			path = Base;
			sourceTree = "<group>";
		};
		DC4A74BC2C4E266D001C9208 /* Network */ = {
			isa = PBXGroup;
			children = (
			);
			path = Network;
			sourceTree = "<group>";
		};
		DC4A74BD2C4E2677001C9208 /* Database */ = {
			isa = PBXGroup;
			children = (
			);
			path = Database;
			sourceTree = "<group>";
		};
		DC4A74CC2C4E2CBD001C9208 /* Extension */ = {
			isa = PBXGroup;
			children = (
				DC4A74CD2C4E2CDF001C9208 /* UIViewController+Extension.swift */,
				DC4A74CF2C4E2CF5001C9208 /* UIColor+Extension.swift */,
			);
			path = Extension;
			sourceTree = "<group>";
		};
		DC4A74D12C4E36E0001C9208 /* ProfileSetting */ = {
			isa = PBXGroup;
			children = (
				DC4A74D22C4E3700001C9208 /* ProfileSettingViewController.swift */,
				DC4A74D82C4E5949001C9208 /* ProfileSettingCollectionViewCell.swift */,
				DC4A74D42C4E3E3A001C9208 /* ProfileSettingViewModel.swift */,
			);
			path = ProfileSetting;
			sourceTree = "<group>";
		};
/* End PBXGroup section */

/* Begin PBXNativeTarget section */
		DC4A74842C4E2278001C9208 /* Avez Vous */ = {
			isa = PBXNativeTarget;
			buildConfigurationList = DC4A74992C4E227A001C9208 /* Build configuration list for PBXNativeTarget "Avez Vous" */;
			buildPhases = (
				DC4A74812C4E2278001C9208 /* Sources */,
				DC4A74822C4E2278001C9208 /* Frameworks */,
				DC4A74832C4E2278001C9208 /* Resources */,
				DC4A74B22C4E24EF001C9208 /* Embed Frameworks */,
			);
			buildRules = (
			);
			dependencies = (
			);
			name = "Avez Vous";
			packageProductDependencies = (
				DC4A749D2C4E2426001C9208 /* RealmSwift */,
				DC4A74A02C4E2432001C9208 /* Kingfisher */,
				DC4A74A32C4E2442001C9208 /* Alamofire */,
				DC4A74A62C4E245B001C9208 /* Reachability */,
				DC4A74A92C4E2468001C9208 /* Toast */,
				DC4A74AC2C4E247E001C9208 /* SnapKit */,
				DC4A74AF2C4E248B001C9208 /* IQKeyboardManagerSwift */,
			);
			productName = "Avez Vous";
			productReference = DC4A74852C4E2278001C9208 /* Avez Vous.app */;
			productType = "com.apple.product-type.application";
		};
/* End PBXNativeTarget section */

/* Begin PBXProject section */
		DC4A747D2C4E2278001C9208 /* Project object */ = {
			isa = PBXProject;
			attributes = {
				BuildIndependentTargetsInParallel = 1;
				LastSwiftUpdateCheck = 1500;
				LastUpgradeCheck = 1500;
				TargetAttributes = {
					DC4A74842C4E2278001C9208 = {
						CreatedOnToolsVersion = 15.0.1;
					};
				};
			};
			buildConfigurationList = DC4A74802C4E2278001C9208 /* Build configuration list for PBXProject "Avez Vous" */;
			compatibilityVersion = "Xcode 14.0";
			developmentRegion = en;
			hasScannedForEncodings = 0;
			knownRegions = (
				en,
				Base,
			);
			mainGroup = DC4A747C2C4E2278001C9208;
			packageReferences = (
				DC4A749C2C4E2426001C9208 /* XCRemoteSwiftPackageReference "realm-swift" */,
				DC4A749F2C4E2432001C9208 /* XCRemoteSwiftPackageReference "Kingfisher" */,
				DC4A74A22C4E2442001C9208 /* XCRemoteSwiftPackageReference "Alamofire" */,
				DC4A74A52C4E245B001C9208 /* XCRemoteSwiftPackageReference "Reachability.swift" */,
				DC4A74A82C4E2468001C9208 /* XCRemoteSwiftPackageReference "Toast-Swift" */,
				DC4A74AB2C4E247E001C9208 /* XCRemoteSwiftPackageReference "SnapKit" */,
				DC4A74AE2C4E248B001C9208 /* XCRemoteSwiftPackageReference "IQKeyboardManager" */,
			);
			productRefGroup = DC4A74862C4E2278001C9208 /* Products */;
			projectDirPath = "";
			projectRoot = "";
			targets = (
				DC4A74842C4E2278001C9208 /* Avez Vous */,
			);
		};
/* End PBXProject section */

/* Begin PBXResourcesBuildPhase section */
		DC4A74832C4E2278001C9208 /* Resources */ = {
			isa = PBXResourcesBuildPhase;
			buildActionMask = 2147483647;
			files = (
				DC4A74B42C4E257C001C9208 /* .gitignore in Resources */,
				DC4A74952C4E227A001C9208 /* LaunchScreen.storyboard in Resources */,
				DC4A74922C4E227A001C9208 /* Assets.xcassets in Resources */,
			);
			runOnlyForDeploymentPostprocessing = 0;
		};
/* End PBXResourcesBuildPhase section */

/* Begin PBXSourcesBuildPhase section */
		DC4A74812C4E2278001C9208 /* Sources */ = {
			isa = PBXSourcesBuildPhase;
			buildActionMask = 2147483647;
			files = (
				DC4A74CE2C4E2CDF001C9208 /* UIViewController+Extension.swift in Sources */,
				DC4A74C32C4E27CB001C9208 /* BaseCollectionViewCell.swift in Sources */,
				DC4A74C72C4E28E0001C9208 /* ReusableProtocol.swift in Sources */,
				DC4A74892C4E2278001C9208 /* AppDelegate.swift in Sources */,
				DC4A74B72C4E259E001C9208 /* APIKey.swift in Sources */,
				DC4A74C92C4E29B9001C9208 /* OnBoardingView.swift in Sources */,
				DC4A74D02C4E2CF5001C9208 /* UIColor+Extension.swift in Sources */,
				DC4A74D92C4E5949001C9208 /* ProfileSettingCollectionViewCell.swift in Sources */,
				DC4A748B2C4E2278001C9208 /* SceneDelegate.swift in Sources */,
				DC4A74C12C4E2706001C9208 /* BaseTableViewCell.swift in Sources */,
				DC4A74C52C4E283D001C9208 /* BaseView.swift in Sources */,
				DC4A74BA2C4E2657001C9208 /* OnBoardingViewController.swift in Sources */,
				DC4A74DB2C4E63A8001C9208 /* Observable.swift in Sources */,
				DC4A74CB2C4E2C72001C9208 /* CustomDesign.swift in Sources */,
				DC4A74BF2C4E268B001C9208 /* BaseViewController.swift in Sources */,
				DC4A74D52C4E3E3A001C9208 /* ProfileSettingViewModel.swift in Sources */,
				DC4A74D32C4E3700001C9208 /* ProfileSettingViewController.swift in Sources */,
			);
			runOnlyForDeploymentPostprocessing = 0;
		};
/* End PBXSourcesBuildPhase section */

/* Begin PBXVariantGroup section */
		DC4A74932C4E227A001C9208 /* LaunchScreen.storyboard */ = {
			isa = PBXVariantGroup;
			children = (
				DC4A74942C4E227A001C9208 /* Base */,
			);
			name = LaunchScreen.storyboard;
			sourceTree = "<group>";
		};
/* End PBXVariantGroup section */

/* Begin XCBuildConfiguration section */
		DC4A74972C4E227A001C9208 /* Debug */ = {
			isa = XCBuildConfiguration;
			buildSettings = {
				ALWAYS_SEARCH_USER_PATHS = NO;
				ASSETCATALOG_COMPILER_GENERATE_SWIFT_ASSET_SYMBOL_EXTENSIONS = YES;
				CLANG_ANALYZER_NONNULL = YES;
				CLANG_ANALYZER_NUMBER_OBJECT_CONVERSION = YES_AGGRESSIVE;
				CLANG_CXX_LANGUAGE_STANDARD = "gnu++20";
				CLANG_ENABLE_MODULES = YES;
				CLANG_ENABLE_OBJC_ARC = YES;
				CLANG_ENABLE_OBJC_WEAK = YES;
				CLANG_WARN_BLOCK_CAPTURE_AUTORELEASING = YES;
				CLANG_WARN_BOOL_CONVERSION = YES;
				CLANG_WARN_COMMA = YES;
				CLANG_WARN_CONSTANT_CONVERSION = YES;
				CLANG_WARN_DEPRECATED_OBJC_IMPLEMENTATIONS = YES;
				CLANG_WARN_DIRECT_OBJC_ISA_USAGE = YES_ERROR;
				CLANG_WARN_DOCUMENTATION_COMMENTS = YES;
				CLANG_WARN_EMPTY_BODY = YES;
				CLANG_WARN_ENUM_CONVERSION = YES;
				CLANG_WARN_INFINITE_RECURSION = YES;
				CLANG_WARN_INT_CONVERSION = YES;
				CLANG_WARN_NON_LITERAL_NULL_CONVERSION = YES;
				CLANG_WARN_OBJC_IMPLICIT_RETAIN_SELF = YES;
				CLANG_WARN_OBJC_LITERAL_CONVERSION = YES;
				CLANG_WARN_OBJC_ROOT_CLASS = YES_ERROR;
				CLANG_WARN_QUOTED_INCLUDE_IN_FRAMEWORK_HEADER = YES;
				CLANG_WARN_RANGE_LOOP_ANALYSIS = YES;
				CLANG_WARN_STRICT_PROTOTYPES = YES;
				CLANG_WARN_SUSPICIOUS_MOVE = YES;
				CLANG_WARN_UNGUARDED_AVAILABILITY = YES_AGGRESSIVE;
				CLANG_WARN_UNREACHABLE_CODE = YES;
				CLANG_WARN__DUPLICATE_METHOD_MATCH = YES;
				COPY_PHASE_STRIP = NO;
				DEBUG_INFORMATION_FORMAT = dwarf;
				ENABLE_STRICT_OBJC_MSGSEND = YES;
				ENABLE_TESTABILITY = YES;
				ENABLE_USER_SCRIPT_SANDBOXING = YES;
				GCC_C_LANGUAGE_STANDARD = gnu17;
				GCC_DYNAMIC_NO_PIC = NO;
				GCC_NO_COMMON_BLOCKS = YES;
				GCC_OPTIMIZATION_LEVEL = 0;
				GCC_PREPROCESSOR_DEFINITIONS = (
					"DEBUG=1",
					"$(inherited)",
				);
				GCC_WARN_64_TO_32_BIT_CONVERSION = YES;
				GCC_WARN_ABOUT_RETURN_TYPE = YES_ERROR;
				GCC_WARN_UNDECLARED_SELECTOR = YES;
				GCC_WARN_UNINITIALIZED_AUTOS = YES_AGGRESSIVE;
				GCC_WARN_UNUSED_FUNCTION = YES;
				GCC_WARN_UNUSED_VARIABLE = YES;
				IPHONEOS_DEPLOYMENT_TARGET = 17.0;
				LOCALIZATION_PREFERS_STRING_CATALOGS = YES;
				MTL_ENABLE_DEBUG_INFO = INCLUDE_SOURCE;
				MTL_FAST_MATH = YES;
				ONLY_ACTIVE_ARCH = YES;
				SDKROOT = iphoneos;
				SWIFT_ACTIVE_COMPILATION_CONDITIONS = "DEBUG $(inherited)";
				SWIFT_OPTIMIZATION_LEVEL = "-Onone";
			};
			name = Debug;
		};
		DC4A74982C4E227A001C9208 /* Release */ = {
			isa = XCBuildConfiguration;
			buildSettings = {
				ALWAYS_SEARCH_USER_PATHS = NO;
				ASSETCATALOG_COMPILER_GENERATE_SWIFT_ASSET_SYMBOL_EXTENSIONS = YES;
				CLANG_ANALYZER_NONNULL = YES;
				CLANG_ANALYZER_NUMBER_OBJECT_CONVERSION = YES_AGGRESSIVE;
				CLANG_CXX_LANGUAGE_STANDARD = "gnu++20";
				CLANG_ENABLE_MODULES = YES;
				CLANG_ENABLE_OBJC_ARC = YES;
				CLANG_ENABLE_OBJC_WEAK = YES;
				CLANG_WARN_BLOCK_CAPTURE_AUTORELEASING = YES;
				CLANG_WARN_BOOL_CONVERSION = YES;
				CLANG_WARN_COMMA = YES;
				CLANG_WARN_CONSTANT_CONVERSION = YES;
				CLANG_WARN_DEPRECATED_OBJC_IMPLEMENTATIONS = YES;
				CLANG_WARN_DIRECT_OBJC_ISA_USAGE = YES_ERROR;
				CLANG_WARN_DOCUMENTATION_COMMENTS = YES;
				CLANG_WARN_EMPTY_BODY = YES;
				CLANG_WARN_ENUM_CONVERSION = YES;
				CLANG_WARN_INFINITE_RECURSION = YES;
				CLANG_WARN_INT_CONVERSION = YES;
				CLANG_WARN_NON_LITERAL_NULL_CONVERSION = YES;
				CLANG_WARN_OBJC_IMPLICIT_RETAIN_SELF = YES;
				CLANG_WARN_OBJC_LITERAL_CONVERSION = YES;
				CLANG_WARN_OBJC_ROOT_CLASS = YES_ERROR;
				CLANG_WARN_QUOTED_INCLUDE_IN_FRAMEWORK_HEADER = YES;
				CLANG_WARN_RANGE_LOOP_ANALYSIS = YES;
				CLANG_WARN_STRICT_PROTOTYPES = YES;
				CLANG_WARN_SUSPICIOUS_MOVE = YES;
				CLANG_WARN_UNGUARDED_AVAILABILITY = YES_AGGRESSIVE;
				CLANG_WARN_UNREACHABLE_CODE = YES;
				CLANG_WARN__DUPLICATE_METHOD_MATCH = YES;
				COPY_PHASE_STRIP = NO;
				DEBUG_INFORMATION_FORMAT = "dwarf-with-dsym";
				ENABLE_NS_ASSERTIONS = NO;
				ENABLE_STRICT_OBJC_MSGSEND = YES;
				ENABLE_USER_SCRIPT_SANDBOXING = YES;
				GCC_C_LANGUAGE_STANDARD = gnu17;
				GCC_NO_COMMON_BLOCKS = YES;
				GCC_WARN_64_TO_32_BIT_CONVERSION = YES;
				GCC_WARN_ABOUT_RETURN_TYPE = YES_ERROR;
				GCC_WARN_UNDECLARED_SELECTOR = YES;
				GCC_WARN_UNINITIALIZED_AUTOS = YES_AGGRESSIVE;
				GCC_WARN_UNUSED_FUNCTION = YES;
				GCC_WARN_UNUSED_VARIABLE = YES;
				IPHONEOS_DEPLOYMENT_TARGET = 17.0;
				LOCALIZATION_PREFERS_STRING_CATALOGS = YES;
				MTL_ENABLE_DEBUG_INFO = NO;
				MTL_FAST_MATH = YES;
				SDKROOT = iphoneos;
				SWIFT_COMPILATION_MODE = wholemodule;
				VALIDATE_PRODUCT = YES;
			};
			name = Release;
		};
		DC4A749A2C4E227A001C9208 /* Debug */ = {
			isa = XCBuildConfiguration;
			buildSettings = {
				ASSETCATALOG_COMPILER_APPICON_NAME = AppIcon;
				ASSETCATALOG_COMPILER_GLOBAL_ACCENT_COLOR_NAME = AccentColor;
				CODE_SIGN_STYLE = Automatic;
				CURRENT_PROJECT_VERSION = 1;
				DEVELOPMENT_TEAM = VC8Q8WBRQ3;
				GENERATE_INFOPLIST_FILE = YES;
				INFOPLIST_FILE = "Avez Vous/Info.plist";
				INFOPLIST_KEY_UIApplicationSupportsIndirectInputEvents = YES;
				INFOPLIST_KEY_UILaunchStoryboardName = LaunchScreen;
				INFOPLIST_KEY_UISupportedInterfaceOrientations = UIInterfaceOrientationPortrait;
				INFOPLIST_KEY_UISupportedInterfaceOrientations_iPad = UIInterfaceOrientationPortrait;
				IPHONEOS_DEPLOYMENT_TARGET = 15.0;
				LD_RUNPATH_SEARCH_PATHS = (
					"$(inherited)",
					"@executable_path/Frameworks",
				);
				MARKETING_VERSION = 1.0;
				PRODUCT_BUNDLE_IDENTIFIER = "srkimdev.Avez-Vous";
				PRODUCT_NAME = "$(TARGET_NAME)";
				SUPPORTED_PLATFORMS = "iphoneos iphonesimulator";
				SUPPORTS_MACCATALYST = NO;
				SUPPORTS_MAC_DESIGNED_FOR_IPHONE_IPAD = NO;
				SWIFT_EMIT_LOC_STRINGS = YES;
				SWIFT_VERSION = 5.0;
				TARGETED_DEVICE_FAMILY = 1;
			};
			name = Debug;
		};
		DC4A749B2C4E227A001C9208 /* Release */ = {
			isa = XCBuildConfiguration;
			buildSettings = {
				ASSETCATALOG_COMPILER_APPICON_NAME = AppIcon;
				ASSETCATALOG_COMPILER_GLOBAL_ACCENT_COLOR_NAME = AccentColor;
				CODE_SIGN_STYLE = Automatic;
				CURRENT_PROJECT_VERSION = 1;
				DEVELOPMENT_TEAM = VC8Q8WBRQ3;
				GENERATE_INFOPLIST_FILE = YES;
				INFOPLIST_FILE = "Avez Vous/Info.plist";
				INFOPLIST_KEY_UIApplicationSupportsIndirectInputEvents = YES;
				INFOPLIST_KEY_UILaunchStoryboardName = LaunchScreen;
				INFOPLIST_KEY_UISupportedInterfaceOrientations = UIInterfaceOrientationPortrait;
				INFOPLIST_KEY_UISupportedInterfaceOrientations_iPad = UIInterfaceOrientationPortrait;
				IPHONEOS_DEPLOYMENT_TARGET = 15.0;
				LD_RUNPATH_SEARCH_PATHS = (
					"$(inherited)",
					"@executable_path/Frameworks",
				);
				MARKETING_VERSION = 1.0;
				PRODUCT_BUNDLE_IDENTIFIER = "srkimdev.Avez-Vous";
				PRODUCT_NAME = "$(TARGET_NAME)";
				SUPPORTED_PLATFORMS = "iphoneos iphonesimulator";
				SUPPORTS_MACCATALYST = NO;
				SUPPORTS_MAC_DESIGNED_FOR_IPHONE_IPAD = NO;
				SWIFT_EMIT_LOC_STRINGS = YES;
				SWIFT_VERSION = 5.0;
				TARGETED_DEVICE_FAMILY = 1;
			};
			name = Release;
		};
/* End XCBuildConfiguration section */

/* Begin XCConfigurationList section */
		DC4A74802C4E2278001C9208 /* Build configuration list for PBXProject "Avez Vous" */ = {
			isa = XCConfigurationList;
			buildConfigurations = (
				DC4A74972C4E227A001C9208 /* Debug */,
				DC4A74982C4E227A001C9208 /* Release */,
			);
			defaultConfigurationIsVisible = 0;
			defaultConfigurationName = Release;
		};
		DC4A74992C4E227A001C9208 /* Build configuration list for PBXNativeTarget "Avez Vous" */ = {
			isa = XCConfigurationList;
			buildConfigurations = (
				DC4A749A2C4E227A001C9208 /* Debug */,
				DC4A749B2C4E227A001C9208 /* Release */,
			);
			defaultConfigurationIsVisible = 0;
			defaultConfigurationName = Release;
		};
/* End XCConfigurationList section */

/* Begin XCRemoteSwiftPackageReference section */
		DC4A749C2C4E2426001C9208 /* XCRemoteSwiftPackageReference "realm-swift" */ = {
			isa = XCRemoteSwiftPackageReference;
			repositoryURL = "https://github.com/realm/realm-swift.git";
			requirement = {
				kind = exactVersion;
				version = 10.52.1;
			};
		};
		DC4A749F2C4E2432001C9208 /* XCRemoteSwiftPackageReference "Kingfisher" */ = {
			isa = XCRemoteSwiftPackageReference;
			repositoryURL = "https://github.com/onevcat/Kingfisher.git";
			requirement = {
				kind = upToNextMajorVersion;
				minimumVersion = 7.12.0;
			};
		};
		DC4A74A22C4E2442001C9208 /* XCRemoteSwiftPackageReference "Alamofire" */ = {
			isa = XCRemoteSwiftPackageReference;
			repositoryURL = "https://github.com/Alamofire/Alamofire.git";
			requirement = {
				kind = upToNextMajorVersion;
				minimumVersion = 5.9.1;
			};
		};
		DC4A74A52C4E245B001C9208 /* XCRemoteSwiftPackageReference "Reachability.swift" */ = {
			isa = XCRemoteSwiftPackageReference;
			repositoryURL = "https://github.com/ashleymills/Reachability.swift.git";
			requirement = {
				kind = exactVersion;
				version = 5.0.0;
			};
		};
		DC4A74A82C4E2468001C9208 /* XCRemoteSwiftPackageReference "Toast-Swift" */ = {
			isa = XCRemoteSwiftPackageReference;
			repositoryURL = "https://github.com/scalessec/Toast-Swift.git";
			requirement = {
				kind = upToNextMajorVersion;
				minimumVersion = 5.1.1;
			};
		};
		DC4A74AB2C4E247E001C9208 /* XCRemoteSwiftPackageReference "SnapKit" */ = {
			isa = XCRemoteSwiftPackageReference;
			repositoryURL = "https://github.com/SnapKit/SnapKit.git";
			requirement = {
				kind = upToNextMajorVersion;
				minimumVersion = 5.7.1;
			};
		};
		DC4A74AE2C4E248B001C9208 /* XCRemoteSwiftPackageReference "IQKeyboardManager" */ = {
			isa = XCRemoteSwiftPackageReference;
			repositoryURL = "https://github.com/hackiftekhar/IQKeyboardManager.git";
			requirement = {
				kind = upToNextMajorVersion;
				minimumVersion = 7.1.1;
			};
		};
/* End XCRemoteSwiftPackageReference section */

/* Begin XCSwiftPackageProductDependency section */
		DC4A749D2C4E2426001C9208 /* RealmSwift */ = {
			isa = XCSwiftPackageProductDependency;
			package = DC4A749C2C4E2426001C9208 /* XCRemoteSwiftPackageReference "realm-swift" */;
			productName = RealmSwift;
		};
		DC4A74A02C4E2432001C9208 /* Kingfisher */ = {
			isa = XCSwiftPackageProductDependency;
			package = DC4A749F2C4E2432001C9208 /* XCRemoteSwiftPackageReference "Kingfisher" */;
			productName = Kingfisher;
		};
		DC4A74A32C4E2442001C9208 /* Alamofire */ = {
			isa = XCSwiftPackageProductDependency;
			package = DC4A74A22C4E2442001C9208 /* XCRemoteSwiftPackageReference "Alamofire" */;
			productName = Alamofire;
		};
		DC4A74A62C4E245B001C9208 /* Reachability */ = {
			isa = XCSwiftPackageProductDependency;
			package = DC4A74A52C4E245B001C9208 /* XCRemoteSwiftPackageReference "Reachability.swift" */;
			productName = Reachability;
		};
		DC4A74A92C4E2468001C9208 /* Toast */ = {
			isa = XCSwiftPackageProductDependency;
			package = DC4A74A82C4E2468001C9208 /* XCRemoteSwiftPackageReference "Toast-Swift" */;
			productName = Toast;
		};
		DC4A74AC2C4E247E001C9208 /* SnapKit */ = {
			isa = XCSwiftPackageProductDependency;
			package = DC4A74AB2C4E247E001C9208 /* XCRemoteSwiftPackageReference "SnapKit" */;
			productName = SnapKit;
		};
		DC4A74AF2C4E248B001C9208 /* IQKeyboardManagerSwift */ = {
			isa = XCSwiftPackageProductDependency;
			package = DC4A74AE2C4E248B001C9208 /* XCRemoteSwiftPackageReference "IQKeyboardManager" */;
			productName = IQKeyboardManagerSwift;
		};
/* End XCSwiftPackageProductDependency section */
	};
	rootObject = DC4A747D2C4E2278001C9208 /* Project object */;
}
